hash: a740c57e486407fe74a0b83c3afb89246a10a09f5baf65f07186a6f615f28249
updated: 2017-06-20T21:22:47.442954743-07:00
imports:
- name: github.com/as27/setenv
  version: 46b7822e5c54bc2f596fa421b7cbe0c741229998
- name: github.com/daviddengcn/go-colortext
  version: 805cee6e0d43c72ba1d4e3275965ff41e0da068a
- name: github.com/dustin/go-humanize
  version: 259d2a102b871d17f30e3cd9881a642961a1e486
- name: github.com/fatih/color
  version: 62e9147c64a1ed519147b62a56a14e83e2be02c1
- name: github.com/fsnotify/fsnotify
  version: 4da3e2cfbabc9f751898f250b49f2439785783a1
- name: github.com/go-sql-driver/mysql
  version: 8fefef06da7707b5a3cda42195a6b409c9c9ab5c
- name: github.com/gobuffalo/buffalo
  version: a4b2c6ddf9c191cb1f02e44584cf005abb8fe5db
  subpackages:
  - binding
  - middleware
  - middleware/csrf
  - middleware/i18n
  - render
  - worker
- name: github.com/gobuffalo/envy
  version: a901aeb76c2647ce52acf7f3bac64c4def49a899
- name: github.com/gobuffalo/packr
  version: 9d3b78bfcb56d490ba2cae05965890154f04f6f1
- name: github.com/gobuffalo/plush
  version: 091c255b7362a3bd01469a152b835b02e528af84
  subpackages:
  - ast
  - lexer
  - parser
  - token
- name: github.com/gobuffalo/tags
  version: 38b37a47de9954132218e99468d7819ecc98f089
  subpackages:
  - form
  - form/bootstrap
- name: github.com/golang/protobuf
  version: 1fb8fd32a09087bcd727225167edd31e1b9ceb24
  subpackages:
  - proto
- name: github.com/gorilla/context
  version: 08b5f424b9271eedf6f9f0ce86cb9396ed337a42
- name: github.com/gorilla/mux
  version: 18fca31550181693b3a834a15b74b564b3605876
- name: github.com/gorilla/securecookie
  version: e59506cc896acb7f7bf732d4fdf5e25f7ccd8983
- name: github.com/gorilla/sessions
  version: 8b6b4cd75f07f7ee036eb37b8127bd40ab1efc49
- name: github.com/gorilla/websocket
  version: ea4d1f681babbce9545c9c5f3d5194a789c89f5b
- name: github.com/jmoiron/sqlx
  version: d9bd385d68c068f1fabb5057e3dedcbcbb039d0f
  subpackages:
  - reflectx
- name: github.com/lib/pq
  version: 8837942c3e09574accbc5f150e2c5e057189cace
  subpackages:
  - oid
- name: github.com/markbates/going
  version: 0576708c56cea02331f864fe6e157ac7841923e4
  subpackages:
  - defaults
  - randx
  - wait
- name: github.com/markbates/goth
  version: 488a04ae13f57b10e55e1a32c8cd62f9cc66c671
  subpackages:
  - gothic
  - providers/github
- name: github.com/markbates/grift
  version: bf7b900b08df6cdda22987897235262dafb86163
  subpackages:
  - grift
- name: github.com/markbates/inflect
  version: 6cacb66d100482ef7cc366289ccb156020e57e76
- name: github.com/markbates/pop
  version: 7ec8a9f82d003f80e85822408c00c8fc35412342
  subpackages:
  - columns
  - fizz
  - fizz/translators
  - nulls
- name: github.com/markbates/refresh
  version: 90f2daf12da08f62255f309ece774fa94604a20f
  subpackages:
  - refresh
  - refresh/web
- name: github.com/markbates/validate
  version: eb46f4bde41b856ea74fec2b1d77ccdc34292dab
  subpackages:
  - validators
- name: github.com/mattn/anko
  version: a3969c63681391ec413427cae813d6d59d6031f1
  subpackages:
  - ast
  - builtins
  - builtins/encoding/json
  - builtins/errors
  - builtins/flag
  - builtins/fmt
  - builtins/github.com/daviddengcn/go-colortext
  - builtins/io
  - builtins/io/ioutil
  - builtins/math
  - builtins/math/big
  - builtins/math/rand
  - builtins/net
  - builtins/net/http
  - builtins/net/url
  - builtins/os
  - builtins/os/exec
  - builtins/os/signal
  - builtins/path
  - builtins/path/filepath
  - builtins/regexp
  - builtins/runtime
  - builtins/sort
  - builtins/strings
  - builtins/time
  - parser
  - vm
- name: github.com/mattn/go-colorable
  version: 5411d3eea5978e6cdc258b30de592b60df6aba96
  repo: https://github.com/mattn/go-colorable
- name: github.com/mattn/go-isatty
  version: 57fdcb988a5c543893cc61bce354a6e24ab70022
  repo: https://github.com/mattn/go-isatty
- name: github.com/mattn/go-sqlite3
  version: afe454f6220b3972691678af2c5579781563183f
- name: github.com/microcosm-cc/bluemonday
  version: e79763773ab6222ca1d5a7cbd9d62d83c1f77081
- name: github.com/mitchellh/go-homedir
  version: b8bc1bf767474819792c23f32d8286a45736f1c6
- name: github.com/monoculum/formam
  version: 99ca9dcbaca6d91e9665f817d0da23af6184ced3
- name: github.com/motemen/gore
  version: 3c59a5283090f86e1226026fcbe8746ea8fe21e6
- name: github.com/nicksnyder/go-i18n
  version: 3e70a1a463008cea6726380c908b1a6a8bdf7b24
  subpackages:
  - i18n
  - i18n/bundle
  - i18n/language
  - i18n/translation
- name: github.com/pelletier/go-buffruneio
  version: c37440a7cf42ac63b919c752ca73a85067e05992
- name: github.com/pelletier/go-toml
  version: fe7536c3dee2596cdd23ee9976a17c22bdaae286
- name: github.com/pkg/errors
  version: c605e284fe17294bda444b34710735b29d1a9d90
- name: github.com/russross/blackfriday
  version: 067529f716f4c3f5e37c8c95ddd59df1007290ae
- name: github.com/satori/go.uuid
  version: 5bf94b69c6b68ee1b541973bb8e1144db23a194b
- name: github.com/serenize/snaker
  version: 1c7f65329f6524115af8ca01ab604c00cddf5558
- name: github.com/sergi/go-diff
  version: feef008d51ad2b3778f85d387ccf91735543008d
  subpackages:
  - diffmatchpatch
- name: github.com/shurcooL/github_flavored_markdown
  version: 3c64cb3ce00a3f4feae0c53ce7c2cc2fdacba14b
- name: github.com/shurcooL/highlight_diff
  version: 09bb4053de1b1d872a9f25dc21378fa71dca4e4e
- name: github.com/shurcooL/highlight_go
  version: 78fb10f4a5f89e812a5e26ab723b954a51226086
- name: github.com/shurcooL/octiconssvg
  version: 1aed2117d2aa8eed76a052936e468e5354750701
- name: github.com/shurcooL/sanitized_anchor_name
  version: 541ff5ee47f1dddf6a5281af78307d921524bcb5
- name: github.com/Sirupsen/logrus
  version: 3d4380f53a34dcdc95f0c1db702615992b38d9a4
- name: github.com/sourcegraph/annotate
  version: f4cad6c6324d3f584e1743d8b3e0e017a5f3a636
- name: github.com/sourcegraph/syntaxhighlight
  version: bd320f5d308e1a3c4314c678d8227a0d72574ae7
- name: golang.org/x/net
  version: fe686d45ea04bc1bd4eff6a52865ce8757320325
  subpackages:
  - context
  - html
  - html/atom
- name: golang.org/x/oauth2
  version: f047394b6d14284165300fd82dad67edb3a4d7f6
  subpackages:
  - internal
- name: golang.org/x/sys
  version: fb4cac33e3196ff7f507ab9b2d2a44b0142f5b5a
  subpackages:
  - unix
- name: google.golang.org/appengine
  version: a2f4131514e563cedfdb6e7d267df9ad48591e93
  subpackages:
  - internal
  - internal/base
  - internal/datastore
  - internal/log
  - internal/remote_api
  - internal/urlfetch
  - urlfetch
- name: gopkg.in/yaml.v2
  version: cd8b52f8269e0feb286dfeef29f8fe4d5b397e0b
testImports:
- name: github.com/ajg/form
  version: 523a5da1a92f01b01f840b61689c0340a0243532
- name: github.com/davecgh/go-spew
  version: 04cdfd42973bb9c8589fd6a731800cf222fde1a9
  subpackages:
  - spew
- name: github.com/gobuffalo/suite
  version: f9e2b82967a3cb7dc69c10bb4156dc80f9a4e77e
- name: github.com/markbates/hmax
  version: 800e180dcd16937a4cc134c6aa8c8407e62ce880
- name: github.com/markbates/willie
  version: d2cdc733fedaffa28ae6584ba16f16832c10f15e
- name: github.com/pmezard/go-difflib
  version: d8ed2627bdf02c080bf22230dbb337003b7aba2d
  subpackages:
  - difflib
- name: github.com/stretchr/testify
  version: f6abca593680b2315d2075e0f5e2a9751e3f431a
  subpackages:
  - assert
  - require
  - suite
