# This file is autogenerated, do not edit; changes may be undone by the next 'dep ensure'.


[[projects]]
  name = "github.com/Sirupsen/logrus"
  packages = ["."]
  revision = "3d4380f53a34dcdc95f0c1db702615992b38d9a4"

[[projects]]
  branch = "master"
  name = "github.com/ajg/form"
  packages = ["."]
  revision = "523a5da1a92f01b01f840b61689c0340a0243532"

[[projects]]
  name = "github.com/davecgh/go-spew"
  packages = ["spew"]
  revision = "04cdfd42973bb9c8589fd6a731800cf222fde1a9"

[[projects]]
  branch = "master"
  name = "github.com/daviddengcn/go-colortext"
  packages = ["."]
  revision = "805cee6e0d43c72ba1d4e3275965ff41e0da068a"

[[projects]]
  branch = "master"
  name = "github.com/dustin/go-humanize"
  packages = ["."]
  revision = "259d2a102b871d17f30e3cd9881a642961a1e486"

[[projects]]
  branch = "master"
  name = "github.com/fatih/color"
  packages = ["."]
  revision = "62e9147c64a1ed519147b62a56a14e83e2be02c1"

[[projects]]
  branch = "master"
  name = "github.com/fsnotify/fsnotify"
  packages = ["."]
  revision = "4da3e2cfbabc9f751898f250b49f2439785783a1"

[[projects]]
  branch = "master"
  name = "github.com/go-sql-driver/mysql"
  packages = ["."]
  revision = "8fefef06da7707b5a3cda42195a6b409c9c9ab5c"

[[projects]]
  name = "github.com/gobuffalo/buffalo"
  packages = [".","binding","middleware","middleware/basicauth","middleware/csrf","middleware/i18n","render","worker"]
  revision = "a4b2c6ddf9c191cb1f02e44584cf005abb8fe5db"
  version = "v0.9.0"

[[projects]]
  branch = "master"
  name = "github.com/gobuffalo/envy"
  packages = ["."]
  revision = "a901aeb76c2647ce52acf7f3bac64c4def49a899"

[[projects]]
  branch = "master"
  name = "github.com/gobuffalo/packr"
  packages = ["."]
  revision = "9d3b78bfcb56d490ba2cae05965890154f04f6f1"

[[projects]]
  name = "github.com/gobuffalo/plush"
  packages = [".","ast","lexer","parser","token"]
  revision = "091c255b7362a3bd01469a152b835b02e528af84"

[[projects]]
  branch = "master"
  name = "github.com/gobuffalo/suite"
  packages = ["."]
  revision = "f9e2b82967a3cb7dc69c10bb4156dc80f9a4e77e"

[[projects]]
  name = "github.com/gobuffalo/tags"
  packages = [".","form","form/bootstrap"]
  revision = "38b37a47de9954132218e99468d7819ecc98f089"

[[projects]]
  name = "github.com/golang/protobuf"
  packages = ["proto"]
  revision = "1fb8fd32a09087bcd727225167edd31e1b9ceb24"

[[projects]]
  branch = "master"
  name = "github.com/gorilla/context"
  packages = ["."]
  revision = "08b5f424b9271eedf6f9f0ce86cb9396ed337a42"

[[projects]]
  name = "github.com/gorilla/mux"
  packages = ["."]
  revision = "18fca31550181693b3a834a15b74b564b3605876"

[[projects]]
  branch = "master"
  name = "github.com/gorilla/securecookie"
  packages = ["."]
  revision = "e59506cc896acb7f7bf732d4fdf5e25f7ccd8983"

[[projects]]
  branch = "master"
  name = "github.com/gorilla/sessions"
  packages = ["."]
  revision = "8b6b4cd75f07f7ee036eb37b8127bd40ab1efc49"

[[projects]]
  name = "github.com/gorilla/websocket"
  packages = ["."]
  revision = "ea4d1f681babbce9545c9c5f3d5194a789c89f5b"
  version = "v1.2.0"

[[projects]]
  branch = "master"
  name = "github.com/jmoiron/sqlx"
  packages = [".","reflectx"]
  revision = "d9bd385d68c068f1fabb5057e3dedcbcbb039d0f"

[[projects]]
  branch = "master"
  name = "github.com/lib/pq"
  packages = [".","oid"]
  revision = "8837942c3e09574accbc5f150e2c5e057189cace"

[[projects]]
  branch = "master"
  name = "github.com/markbates/going"
  packages = ["defaults","randx","wait"]
  revision = "0576708c56cea02331f864fe6e157ac7841923e4"

[[projects]]
  name = "github.com/markbates/goth"
  packages = [".","gothic","providers/github"]
  revision = "488a04ae13f57b10e55e1a32c8cd62f9cc66c671"
  version = "v1.38.0"

[[projects]]
  name = "github.com/markbates/grift"
  packages = ["grift"]
  revision = "bf7b900b08df6cdda22987897235262dafb86163"

[[projects]]
  branch = "master"
  name = "github.com/markbates/hmax"
  packages = ["."]
  revision = "800e180dcd16937a4cc134c6aa8c8407e62ce880"

[[projects]]
  branch = "master"
  name = "github.com/markbates/inflect"
  packages = ["."]
  revision = "6cacb66d100482ef7cc366289ccb156020e57e76"

[[projects]]
  branch = "master"
  name = "github.com/markbates/pop"
  packages = [".","columns","fizz","fizz/translators","nulls"]
  revision = "c6f59505fb697eb388312c1018b65fa6ed6c44bb"

[[projects]]
  name = "github.com/markbates/refresh"
  packages = ["refresh","refresh/web"]
  revision = "90f2daf12da08f62255f309ece774fa94604a20f"

[[projects]]
  name = "github.com/markbates/validate"
  packages = [".","validators"]
  revision = "eb46f4bde41b856ea74fec2b1d77ccdc34292dab"

[[projects]]
  branch = "master"
  name = "github.com/markbates/willie"
  packages = ["."]
  revision = "d2cdc733fedaffa28ae6584ba16f16832c10f15e"

[[projects]]
  branch = "master"
  name = "github.com/mattn/anko"
  packages = ["ast","builtins","builtins/encoding/json","builtins/errors","builtins/flag","builtins/fmt","builtins/github.com/daviddengcn/go-colortext","builtins/io","builtins/io/ioutil","builtins/math","builtins/math/big","builtins/math/rand","builtins/net","builtins/net/http","builtins/net/url","builtins/os","builtins/os/exec","builtins/os/signal","builtins/path","builtins/path/filepath","builtins/regexp","builtins/runtime","builtins/sort","builtins/strings","builtins/time","parser","vm"]
  revision = "a3969c63681391ec413427cae813d6d59d6031f1"

[[projects]]
  name = "github.com/mattn/go-colorable"
  packages = ["."]
  revision = "5411d3eea5978e6cdc258b30de592b60df6aba96"

[[projects]]
  name = "github.com/mattn/go-isatty"
  packages = ["."]
  revision = "57fdcb988a5c543893cc61bce354a6e24ab70022"

[[projects]]
  name = "github.com/mattn/go-sqlite3"
  packages = ["."]
  revision = "afe454f6220b3972691678af2c5579781563183f"

[[projects]]
  branch = "master"
  name = "github.com/microcosm-cc/bluemonday"
  packages = ["."]
  revision = "e79763773ab6222ca1d5a7cbd9d62d83c1f77081"

[[projects]]
  branch = "master"
  name = "github.com/mitchellh/go-homedir"
  packages = ["."]
  revision = "b8bc1bf767474819792c23f32d8286a45736f1c6"

[[projects]]
  name = "github.com/monoculum/formam"
  packages = ["."]
  revision = "99ca9dcbaca6d91e9665f817d0da23af6184ced3"
  version = "v3.0"

[[projects]]
  name = "github.com/nicksnyder/go-i18n"
  packages = ["i18n","i18n/bundle","i18n/language","i18n/translation"]
  revision = "3e70a1a463008cea6726380c908b1a6a8bdf7b24"
  version = "v1.8.1"

[[projects]]
  name = "github.com/pelletier/go-buffruneio"
  packages = ["."]
  revision = "c37440a7cf42ac63b919c752ca73a85067e05992"
  version = "v0.2.0"

[[projects]]
  name = "github.com/pelletier/go-toml"
  packages = ["."]
  revision = "fe7536c3dee2596cdd23ee9976a17c22bdaae286"

[[projects]]
  branch = "master"
  name = "github.com/pkg/errors"
  packages = ["."]
  revision = "c605e284fe17294bda444b34710735b29d1a9d90"

[[projects]]
  name = "github.com/pmezard/go-difflib"
  packages = ["difflib"]
  revision = "d8ed2627bdf02c080bf22230dbb337003b7aba2d"

[[projects]]
  name = "github.com/russross/blackfriday"
  packages = ["."]
  revision = "0b647d0506a698cca42caca173e55559b12a69f2"
  version = "v1.4"

[[projects]]
  branch = "master"
  name = "github.com/satori/go.uuid"
  packages = ["."]
  revision = "5bf94b69c6b68ee1b541973bb8e1144db23a194b"

[[projects]]
  branch = "master"
  name = "github.com/serenize/snaker"
  packages = ["."]
  revision = "1c7f65329f6524115af8ca01ab604c00cddf5558"

[[projects]]
  branch = "master"
  name = "github.com/sergi/go-diff"
  packages = ["diffmatchpatch"]
  revision = "feef008d51ad2b3778f85d387ccf91735543008d"

[[projects]]
  branch = "master"
  name = "github.com/shurcooL/github_flavored_markdown"
  packages = ["."]
  revision = "3c64cb3ce00a3f4feae0c53ce7c2cc2fdacba14b"

[[projects]]
  branch = "master"
  name = "github.com/shurcooL/go"
  packages = ["parserutil","printerutil","reflectfind","reflectsource"]
  revision = "b9e5dad7a86793a33644af3080d4c61798749c3a"

[[projects]]
  branch = "master"
  name = "github.com/shurcooL/go-goon"
  packages = ["."]
  revision = "a0792a0a8f8fa9a233843e67079b051b571e609c"

[[projects]]
  branch = "master"
  name = "github.com/shurcooL/highlight_diff"
  packages = ["."]
  revision = "09bb4053de1b1d872a9f25dc21378fa71dca4e4e"

[[projects]]
  branch = "master"
  name = "github.com/shurcooL/highlight_go"
  packages = ["."]
  revision = "78fb10f4a5f89e812a5e26ab723b954a51226086"

[[projects]]
  branch = "master"
  name = "github.com/shurcooL/octiconssvg"
  packages = ["."]
  revision = "1aed2117d2aa8eed76a052936e468e5354750701"

[[projects]]
  branch = "master"
  name = "github.com/shurcooL/sanitized_anchor_name"
  packages = ["."]
  revision = "541ff5ee47f1dddf6a5281af78307d921524bcb5"

[[projects]]
  branch = "master"
  name = "github.com/sourcegraph/annotate"
  packages = ["."]
  revision = "f4cad6c6324d3f584e1743d8b3e0e017a5f3a636"

[[projects]]
  branch = "master"
  name = "github.com/sourcegraph/syntaxhighlight"
  packages = ["."]
  revision = "bd320f5d308e1a3c4314c678d8227a0d72574ae7"

[[projects]]
  branch = "master"
  name = "github.com/stretchr/testify"
  packages = ["assert","require","suite"]
  revision = "f6abca593680b2315d2075e0f5e2a9751e3f431a"

[[projects]]
  name = "golang.org/x/net"
  packages = ["context","html","html/atom"]
  revision = "fe686d45ea04bc1bd4eff6a52865ce8757320325"

[[projects]]
  name = "golang.org/x/oauth2"
  packages = [".","internal"]
  revision = "f047394b6d14284165300fd82dad67edb3a4d7f6"

[[projects]]
  name = "golang.org/x/sys"
  packages = ["unix"]
  revision = "fb4cac33e3196ff7f507ab9b2d2a44b0142f5b5a"

[[projects]]
  name = "google.golang.org/appengine"
  packages = ["internal","internal/base","internal/datastore","internal/log","internal/remote_api","internal/urlfetch","urlfetch"]
  revision = "a2f4131514e563cedfdb6e7d267df9ad48591e93"

[[projects]]
  branch = "v2"
  name = "gopkg.in/yaml.v2"
  packages = ["."]
  revision = "cd8b52f8269e0feb286dfeef29f8fe4d5b397e0b"

[solve-meta]
  analyzer-name = "dep"
  analyzer-version = 1
  inputs-digest = "cced128944150b81fccb083ae7a8776090f51e76e04038dc181eedb32681bd67"
  solver-name = "gps-cdcl"
  solver-version = 1
